
Microsoft Visual Studio Solution File, Format Version 12.00
# Visual Studio 15
VisualStudioVersion = 15.0.28307.106
MinimumVisualStudioVersion = 10.0.40219.1
Project("{888888A0-9F3D-457C-B088-3A5042F75D52}") = "csv2npy", "csv2npy\csv2npy.pyproj", "{4D051162-1DA7-4F87-9929-E683E7BA9236}"
EndProject
Global
	GlobalSection(SolutionConfigurationPlatforms) = preSolution
		Debug|Any CPU = Debug|Any CPU
		Release|Any CPU = Release|Any CPU
	EndGlobalSection
	GlobalSection(ProjectConfigurationPlatforms) = postSolution
		{4D051162-1DA7-4F87-9929-E683E7BA9236}.Debug|Any CPU.ActiveCfg = Debug|Any CPU
		{4D051162-1DA7-4F87-9929-E683E7BA9236}.Release|Any CPU.ActiveCfg = Release|Any CPU
	EndGlobalSection
	GlobalSection(SolutionProperties) = preSolution
		HideSolutionNode = FALSE
	EndGlobalSection
	GlobalSection(ExtensibilityGlobals) = postSolution
		SolutionGuid = {79497D81-FF62-4085-986B-ADE841045E1B}
	EndGlobalSection
EndGlobal
