
Microsoft Visual Studio Solution File, Format Version 12.00
# Visual Studio 15
VisualStudioVersion = 15.0.28307.779
MinimumVisualStudioVersion = 10.0.40219.1
Project("{888888A0-9F3D-457C-B088-3A5042F75D52}") = "trading_agent", "trading_agent.pyproj", "{EAF33522-65BA-4F99-8AA2-1FC1910E7B89}"
EndProject
Global
	GlobalSection(SolutionConfigurationPlatforms) = preSolution
		Debug|Any CPU = Debug|Any CPU
		Release|Any CPU = Release|Any CPU
	EndGlobalSection
	GlobalSection(ProjectConfigurationPlatforms) = postSolution
		{EAF33522-65BA-4F99-8AA2-1FC1910E7B89}.Debug|Any CPU.ActiveCfg = Debug|Any CPU
		{EAF33522-65BA-4F99-8AA2-1FC1910E7B89}.Release|Any CPU.ActiveCfg = Release|Any CPU
	EndGlobalSection
	GlobalSection(SolutionProperties) = preSolution
		HideSolutionNode = FALSE
	EndGlobalSection
	GlobalSection(ExtensibilityGlobals) = postSolution
		SolutionGuid = {E20FB5CA-8B33-4919-BAD3-F78B003EA3B4}
	EndGlobalSection
EndGlobal
